
Microsoft Visual Studio Solution File, Format Version 12.00
# Visual Studio Version 17
VisualStudioVersion = 17.13.35931.197 d17.13
MinimumVisualStudioVersion = 10.0.40219.1
Project("{FAE04EC0-301F-11D3-BF4B-00C04F79EFBC}") = "MyRandomNumber", "MyRandomNumber.csproj", "{0758681B-625F-427D-A557-059E54D8DA2B}"
EndProject
Global
	GlobalSection(SolutionConfigurationPlatforms) = preSolution
		Debug|Any CPU = Debug|Any CPU
		Release|Any CPU = Release|Any CPU
	EndGlobalSection
	GlobalSection(ProjectConfigurationPlatforms) = postSolution
		{0758681B-625F-427D-A557-059E54D8DA2B}.Debug|Any CPU.ActiveCfg = Debug|Any CPU
		{0758681B-625F-427D-A557-059E54D8DA2B}.Debug|Any CPU.Build.0 = Debug|Any CPU
		{0758681B-625F-427D-A557-059E54D8DA2B}.Release|Any CPU.ActiveCfg = Release|Any CPU
		{0758681B-625F-427D-A557-059E54D8DA2B}.Release|Any CPU.Build.0 = Release|Any CPU
	EndGlobalSection
	GlobalSection(SolutionProperties) = preSolution
		HideSolutionNode = FALSE
	EndGlobalSection
	GlobalSection(ExtensibilityGlobals) = postSolution
		SolutionGuid = {50DE28B7-A3D6-43CC-888B-E854B4A17F30}
	EndGlobalSection
EndGlobal
